// !$*UTF8*$!
{
	archiveVersion = 1;
	classes = {
	};
	objectVersion = 55;
	objects = {

/* Begin PBXBuildFile section */
		33F8A487276907A300E49F00 /* InstagramAppApp.swift in Sources */ = {isa = PBXBuildFile; fileRef = 33F8A486276907A300E49F00 /* InstagramAppApp.swift */; };
		33F8A489276907A300E49F00 /* ContentView.swift in Sources */ = {isa = PBXBuildFile; fileRef = 33F8A488276907A300E49F00 /* ContentView.swift */; };
		33F8A48B276907A400E49F00 /* Assets.xcassets in Resources */ = {isa = PBXBuildFile; fileRef = 33F8A48A276907A400E49F00 /* Assets.xcassets */; };
		33F8A48E276907A400E49F00 /* Preview Assets.xcassets in Resources */ = {isa = PBXBuildFile; fileRef = 33F8A48D276907A400E49F00 /* Preview Assets.xcassets */; };
		88A87BEE27723163004DE7CF /* Post.swift in Sources */ = {isa = PBXBuildFile; fileRef = 88A87BED27723163004DE7CF /* Post.swift */; };
		88A87BF027723179004DE7CF /* TabBar.swift in Sources */ = {isa = PBXBuildFile; fileRef = 88A87BEF27723179004DE7CF /* TabBar.swift */; };
		88A87BF227723191004DE7CF /* PostContent.swift in Sources */ = {isa = PBXBuildFile; fileRef = 88A87BF127723191004DE7CF /* PostContent.swift */; };
		88A87BF4277231A5004DE7CF /* PostHeader.swift in Sources */ = {isa = PBXBuildFile; fileRef = 88A87BF3277231A5004DE7CF /* PostHeader.swift */; };
		88A87BF6277231B8004DE7CF /* Stories.swift in Sources */ = {isa = PBXBuildFile; fileRef = 88A87BF5277231B8004DE7CF /* Stories.swift */; };
		88A87BF8277231D5004DE7CF /* Story.swift in Sources */ = {isa = PBXBuildFile; fileRef = 88A87BF7277231D5004DE7CF /* Story.swift */; };
		88A87BFA277231E4004DE7CF /* Header.swift in Sources */ = {isa = PBXBuildFile; fileRef = 88A87BF9277231E4004DE7CF /* Header.swift */; };
/* End PBXBuildFile section */

/* Begin PBXFileReference section */
		33F8A483276907A300E49F00 /* Instagram Clone.app */ = {isa = PBXFileReference; explicitFileType = wrapper.application; includeInIndex = 0; path = "Instagram Clone.app"; sourceTree = BUILT_PRODUCTS_DIR; };
		33F8A486276907A300E49F00 /* InstagramAppApp.swift */ = {isa = PBXFileReference; lastKnownFileType = sourcecode.swift; path = InstagramAppApp.swift; sourceTree = "<group>"; };
		33F8A488276907A300E49F00 /* ContentView.swift */ = {isa = PBXFileReference; lastKnownFileType = sourcecode.swift; path = ContentView.swift; sourceTree = "<group>"; };
		33F8A48A276907A400E49F00 /* Assets.xcassets */ = {isa = PBXFileReference; lastKnownFileType = folder.assetcatalog; path = Assets.xcassets; sourceTree = "<group>"; };
		33F8A48D276907A400E49F00 /* Preview Assets.xcassets */ = {isa = PBXFileReference; lastKnownFileType = folder.assetcatalog; path = "Preview Assets.xcassets"; sourceTree = "<group>"; };
		88A87BED27723163004DE7CF /* Post.swift */ = {isa = PBXFileReference; lastKnownFileType = sourcecode.swift; path = Post.swift; sourceTree = "<group>"; };
		88A87BEF27723179004DE7CF /* TabBar.swift */ = {isa = PBXFileReference; lastKnownFileType = sourcecode.swift; path = TabBar.swift; sourceTree = "<group>"; };
		88A87BF127723191004DE7CF /* PostContent.swift */ = {isa = PBXFileReference; lastKnownFileType = sourcecode.swift; path = PostContent.swift; sourceTree = "<group>"; };
		88A87BF3277231A5004DE7CF /* PostHeader.swift */ = {isa = PBXFileReference; lastKnownFileType = sourcecode.swift; path = PostHeader.swift; sourceTree = "<group>"; };
		88A87BF5277231B8004DE7CF /* Stories.swift */ = {isa = PBXFileReference; lastKnownFileType = sourcecode.swift; path = Stories.swift; sourceTree = "<group>"; };
		88A87BF7277231D5004DE7CF /* Story.swift */ = {isa = PBXFileReference; lastKnownFileType = sourcecode.swift; path = Story.swift; sourceTree = "<group>"; };
		88A87BF9277231E4004DE7CF /* Header.swift */ = {isa = PBXFileReference; lastKnownFileType = sourcecode.swift; path = Header.swift; sourceTree = "<group>"; };
/* End PBXFileReference section */

/* Begin PBXFrameworksBuildPhase section */
		33F8A480276907A300E49F00 /* Frameworks */ = {
			isa = PBXFrameworksBuildPhase;
			buildActionMask = 2147483647;
			files = (
			);
			runOnlyForDeploymentPostprocessing = 0;
		};
/* End PBXFrameworksBuildPhase section */

/* Begin PBXGroup section */
		33F8A47A276907A300E49F00 = {
			isa = PBXGroup;
			children = (
				33F8A485276907A300E49F00 /* InstagramApp */,
				33F8A484276907A300E49F00 /* Products */,
			);
			sourceTree = "<group>";
		};
		33F8A484276907A300E49F00 /* Products */ = {
			isa = PBXGroup;
			children = (
				33F8A483276907A300E49F00 /* Instagram Clone.app */,
			);
			name = Products;
			sourceTree = "<group>";
		};
		33F8A485276907A300E49F00 /* InstagramApp */ = {
			isa = PBXGroup;
			children = (
				33F8A488276907A300E49F00 /* ContentView.swift */,
				88A87BF9277231E4004DE7CF /* Header.swift */,
				33F8A486276907A300E49F00 /* InstagramAppApp.swift */,
				88A87BED27723163004DE7CF /* Post.swift */,
				88A87BF127723191004DE7CF /* PostContent.swift */,
				88A87BF3277231A5004DE7CF /* PostHeader.swift */,
				88A87BF5277231B8004DE7CF /* Stories.swift */,
				88A87BF7277231D5004DE7CF /* Story.swift */,
				88A87BEF27723179004DE7CF /* TabBar.swift */,
				33F8A48A276907A400E49F00 /* Assets.xcassets */,
				33F8A48C276907A400E49F00 /* Preview Content */,
			);
			path = InstagramApp;
			sourceTree = "<group>";
		};
		33F8A48C276907A400E49F00 /* Preview Content */ = {
			isa = PBXGroup;
			children = (
				33F8A48D276907A400E49F00 /* Preview Assets.xcassets */,
			);
			path = "Preview Content";
			sourceTree = "<group>";
		};
/* End PBXGroup section */

/* Begin PBXNativeTarget section */
		33F8A482276907A300E49F00 /* instagram Clone */ = {
			isa = PBXNativeTarget;
			buildConfigurationList = 33F8A491276907A400E49F00 /* Build configuration list for PBXNativeTarget "instagram Clone" */;
			buildPhases = (
				33F8A47F276907A300E49F00 /* Sources */,
				33F8A480276907A300E49F00 /* Frameworks */,
				33F8A481276907A300E49F00 /* Resources */,
			);
			buildRules = (
			);
			dependencies = (
			);
			name = "instagram Clone";
			productName = InstagramApp;
			productReference = 33F8A483276907A300E49F00 /* Instagram Clone.app */;
			productType = "com.apple.product-type.application";
		};
/* End PBXNativeTarget section */

/* Begin PBXProject section */
		33F8A47B276907A300E49F00 /* Project object */ = {
			isa = PBXProject;
			attributes = {
				BuildIndependentTargetsInParallel = 1;
				LastSwiftUpdateCheck = 1320;
				LastUpgradeCheck = 1320;
				ORGANIZATIONNAME = "Stavros Pachoundakis";
				TargetAttributes = {
					33F8A482276907A300E49F00 = {
						CreatedOnToolsVersion = 13.2;
					};
				};
			};
			buildConfigurationList = 33F8A47E276907A300E49F00 /* Build configuration list for PBXProject "instagram Clone" */;
			compatibilityVersion = "Xcode 13.0";
			developmentRegion = en;
			hasScannedForEncodings = 0;
			knownRegions = (
				en,
				Base,
			);
			mainGroup = 33F8A47A276907A300E49F00;
			productRefGroup = 33F8A484276907A300E49F00 /* Products */;
			projectDirPath = "";
			projectRoot = "";
			targets = (
				33F8A482276907A300E49F00 /* instagram Clone */,
			);
		};
/* End PBXProject section */

/* Begin PBXResourcesBuildPhase section */
		33F8A481276907A300E49F00 /* Resources */ = {
			isa = PBXResourcesBuildPhase;
			buildActionMask = 2147483647;
			files = (
				33F8A48E276907A400E49F00 /* Preview Assets.xcassets in Resources */,
				33F8A48B276907A400E49F00 /* Assets.xcassets in Resources */,
			);
			runOnlyForDeploymentPostprocessing = 0;
		};
/* End PBXResourcesBuildPhase section */

/* Begin PBXSourcesBuildPhase section */
		33F8A47F276907A300E49F00 /* Sources */ = {
			isa = PBXSourcesBuildPhase;
			buildActionMask = 2147483647;
			files = (
				88A87BF227723191004DE7CF /* PostContent.swift in Sources */,
				88A87BFA277231E4004DE7CF /* Header.swift in Sources */,
				88A87BEE27723163004DE7CF /* Post.swift in Sources */,
				88A87BF4277231A5004DE7CF /* PostHeader.swift in Sources */,
				33F8A489276907A300E49F00 /* ContentView.swift in Sources */,
				33F8A487276907A300E49F00 /* InstagramAppApp.swift in Sources */,
				88A87BF027723179004DE7CF /* TabBar.swift in Sources */,
				88A87BF6277231B8004DE7CF /* Stories.swift in Sources */,
				88A87BF8277231D5004DE7CF /* Story.swift in Sources */,
			);
			runOnlyForDeploymentPostprocessing = 0;
		};
/* End PBXSourcesBuildPhase section */

/* Begin XCBuildConfiguration section */
		33F8A48F276907A400E49F00 /* Debug */ = {
			isa = XCBuildConfiguration;
			buildSettings = {
				ALWAYS_SEARCH_USER_PATHS = NO;
				CLANG_ANALYZER_NONNULL = YES;
				CLANG_ANALYZER_NUMBER_OBJECT_CONVERSION = YES_AGGRESSIVE;
				CLANG_CXX_LANGUAGE_STANDARD = "gnu++17";
				CLANG_CXX_LIBRARY = "libc++";
				CLANG_ENABLE_MODULES = YES;
				CLANG_ENABLE_OBJC_ARC = YES;
				CLANG_ENABLE_OBJC_WEAK = YES;
				CLANG_WARN_BLOCK_CAPTURE_AUTORELEASING = YES;
				CLANG_WARN_BOOL_CONVERSION = YES;
				CLANG_WARN_COMMA = YES;
				CLANG_WARN_CONSTANT_CONVERSION = YES;
				CLANG_WARN_DEPRECATED_OBJC_IMPLEMENTATIONS = YES;
				CLANG_WARN_DIRECT_OBJC_ISA_USAGE = YES_ERROR;
				CLANG_WARN_DOCUMENTATION_COMMENTS = YES;
				CLANG_WARN_EMPTY_BODY = YES;
				CLANG_WARN_ENUM_CONVERSION = YES;
				CLANG_WARN_INFINITE_RECURSION = YES;
				CLANG_WARN_INT_CONVERSION = YES;
				CLANG_WARN_NON_LITERAL_NULL_CONVERSION = YES;
				CLANG_WARN_OBJC_IMPLICIT_RETAIN_SELF = YES;
				CLANG_WARN_OBJC_LITERAL_CONVERSION = YES;
				CLANG_WARN_OBJC_ROOT_CLASS = YES_ERROR;
				CLANG_WARN_QUOTED_INCLUDE_IN_FRAMEWORK_HEADER = YES;
				CLANG_WARN_RANGE_LOOP_ANALYSIS = YES;
				CLANG_WARN_STRICT_PROTOTYPES = YES;
				CLANG_WARN_SUSPICIOUS_MOVE = YES;
				CLANG_WARN_UNGUARDED_AVAILABILITY = YES_AGGRESSIVE;
				CLANG_WARN_UNREACHABLE_CODE = YES;
				CLANG_WARN__DUPLICATE_METHOD_MATCH = YES;
				COPY_PHASE_STRIP = NO;
				DEBUG_INFORMATION_FORMAT = dwarf;
				ENABLE_STRICT_OBJC_MSGSEND = YES;
				ENABLE_TESTABILITY = YES;
				GCC_C_LANGUAGE_STANDARD = gnu11;
				GCC_DYNAMIC_NO_PIC = NO;
				GCC_NO_COMMON_BLOCKS = YES;
				GCC_OPTIMIZATION_LEVEL = 0;
				GCC_PREPROCESSOR_DEFINITIONS = (
					"DEBUG=1",
					"$(inherited)",
				);
				GCC_WARN_64_TO_32_BIT_CONVERSION = YES;
				GCC_WARN_ABOUT_RETURN_TYPE = YES_ERROR;
				GCC_WARN_UNDECLARED_SELECTOR = YES;
				GCC_WARN_UNINITIALIZED_AUTOS = YES_AGGRESSIVE;
				GCC_WARN_UNUSED_FUNCTION = YES;
				GCC_WARN_UNUSED_VARIABLE = YES;
				IPHONEOS_DEPLOYMENT_TARGET = 15.2;
				MTL_ENABLE_DEBUG_INFO = INCLUDE_SOURCE;
				MTL_FAST_MATH = YES;
				ONLY_ACTIVE_ARCH = YES;
				SDKROOT = iphoneos;
				SWIFT_ACTIVE_COMPILATION_CONDITIONS = DEBUG;
				SWIFT_OPTIMIZATION_LEVEL = "-Onone";
			};
			name = Debug;
		};
		33F8A490276907A400E49F00 /* Release */ = {
			isa = XCBuildConfiguration;
			buildSettings = {
				ALWAYS_SEARCH_USER_PATHS = NO;
				CLANG_ANALYZER_NONNULL = YES;
				CLANG_ANALYZER_NUMBER_OBJECT_CONVERSION = YES_AGGRESSIVE;
				CLANG_CXX_LANGUAGE_STANDARD = "gnu++17";
				CLANG_CXX_LIBRARY = "libc++";
				CLANG_ENABLE_MODULES = YES;
				CLANG_ENABLE_OBJC_ARC = YES;
				CLANG_ENABLE_OBJC_WEAK = YES;
				CLANG_WARN_BLOCK_CAPTURE_AUTORELEASING = YES;
				CLANG_WARN_BOOL_CONVERSION = YES;
				CLANG_WARN_COMMA = YES;
				CLANG_WARN_CONSTANT_CONVERSION = YES;
				CLANG_WARN_DEPRECATED_OBJC_IMPLEMENTATIONS = YES;
				CLANG_WARN_DIRECT_OBJC_ISA_USAGE = YES_ERROR;
				CLANG_WARN_DOCUMENTATION_COMMENTS = YES;
				CLANG_WARN_EMPTY_BODY = YES;
				CLANG_WARN_ENUM_CONVERSION = YES;
				CLANG_WARN_INFINITE_RECURSION = YES;
				CLANG_WARN_INT_CONVERSION = YES;
				CLANG_WARN_NON_LITERAL_NULL_CONVERSION = YES;
				CLANG_WARN_OBJC_IMPLICIT_RETAIN_SELF = YES;
				CLANG_WARN_OBJC_LITERAL_CONVERSION = YES;
				CLANG_WARN_OBJC_ROOT_CLASS = YES_ERROR;
				CLANG_WARN_QUOTED_INCLUDE_IN_FRAMEWORK_HEADER = YES;
				CLANG_WARN_RANGE_LOOP_ANALYSIS = YES;
				CLANG_WARN_STRICT_PROTOTYPES = YES;
				CLANG_WARN_SUSPICIOUS_MOVE = YES;
				CLANG_WARN_UNGUARDED_AVAILABILITY = YES_AGGRESSIVE;
				CLANG_WARN_UNREACHABLE_CODE = YES;
				CLANG_WARN__DUPLICATE_METHOD_MATCH = YES;
				COPY_PHASE_STRIP = NO;
				DEBUG_INFORMATION_FORMAT = "dwarf-with-dsym";
				ENABLE_NS_ASSERTIONS = NO;
				ENABLE_STRICT_OBJC_MSGSEND = YES;
				GCC_C_LANGUAGE_STANDARD = gnu11;
				GCC_NO_COMMON_BLOCKS = YES;
				GCC_WARN_64_TO_32_BIT_CONVERSION = YES;
				GCC_WARN_ABOUT_RETURN_TYPE = YES_ERROR;
				GCC_WARN_UNDECLARED_SELECTOR = YES;
				GCC_WARN_UNINITIALIZED_AUTOS = YES_AGGRESSIVE;
				GCC_WARN_UNUSED_FUNCTION = YES;
				GCC_WARN_UNUSED_VARIABLE = YES;
				IPHONEOS_DEPLOYMENT_TARGET = 15.2;
				MTL_ENABLE_DEBUG_INFO = NO;
				MTL_FAST_MATH = YES;
				SDKROOT = iphoneos;
				SWIFT_COMPILATION_MODE = wholemodule;
				SWIFT_OPTIMIZATION_LEVEL = "-O";
				VALIDATE_PRODUCT = YES;
			};
			name = Release;
		};
		33F8A492276907A400E49F00 /* Debug */ = {
			isa = XCBuildConfiguration;
			buildSettings = {
				ASSETCATALOG_COMPILER_APPICON_NAME = AppIcon;
				ASSETCATALOG_COMPILER_GLOBAL_ACCENT_COLOR_NAME = AccentColor;
				CODE_SIGN_STYLE = Automatic;
				CURRENT_PROJECT_VERSION = 1;
				DEVELOPMENT_ASSET_PATHS = "\"InstagramApp/Preview Content\"";
				DEVELOPMENT_TEAM = 7F797G8S24;
				ENABLE_PREVIEWS = YES;
				GENERATE_INFOPLIST_FILE = YES;
				INFOPLIST_KEY_UIApplicationSceneManifest_Generation = YES;
				INFOPLIST_KEY_UIApplicationSupportsIndirectInputEvents = YES;
				INFOPLIST_KEY_UILaunchScreen_Generation = YES;
				INFOPLIST_KEY_UISupportedInterfaceOrientations_iPad = "UIInterfaceOrientationPortrait UIInterfaceOrientationPortraitUpsideDown UIInterfaceOrientationLandscapeLeft UIInterfaceOrientationLandscapeRight";
				INFOPLIST_KEY_UISupportedInterfaceOrientations_iPhone = "UIInterfaceOrientationPortrait UIInterfaceOrientationLandscapeLeft UIInterfaceOrientationLandscapeRight";
				LD_RUNPATH_SEARCH_PATHS = (
					"$(inherited)",
					"@executable_path/Frameworks",
				);
				MARKETING_VERSION = 1.0;
				PRODUCT_BUNDLE_IDENTIFIER = com.stavros.instagramclone;
				PRODUCT_NAME = "Instagram Clone";
				SWIFT_EMIT_LOC_STRINGS = YES;
				SWIFT_VERSION = 5.0;
				TARGETED_DEVICE_FAMILY = 1;
			};
			name = Debug;
		};
		33F8A493276907A400E49F00 /* Release */ = {
			isa = XCBuildConfiguration;
			buildSettings = {
				ASSETCATALOG_COMPILER_APPICON_NAME = AppIcon;
				ASSETCATALOG_COMPILER_GLOBAL_ACCENT_COLOR_NAME = AccentColor;
				CODE_SIGN_STYLE = Automatic;
				CURRENT_PROJECT_VERSION = 1;
				DEVELOPMENT_ASSET_PATHS = "\"InstagramApp/Preview Content\"";
				DEVELOPMENT_TEAM = 7F797G8S24;
				ENABLE_PREVIEWS = YES;
				GENERATE_INFOPLIST_FILE = YES;
				INFOPLIST_KEY_UIApplicationSceneManifest_Generation = YES;
				INFOPLIST_KEY_UIApplicationSupportsIndirectInputEvents = YES;
				INFOPLIST_KEY_UILaunchScreen_Generation = YES;
				INFOPLIST_KEY_UISupportedInterfaceOrientations_iPad = "UIInterfaceOrientationPortrait UIInterfaceOrientationPortraitUpsideDown UIInterfaceOrientationLandscapeLeft UIInterfaceOrientationLandscapeRight";
				INFOPLIST_KEY_UISupportedInterfaceOrientations_iPhone = "UIInterfaceOrientationPortrait UIInterfaceOrientationLandscapeLeft UIInterfaceOrientationLandscapeRight";
				LD_RUNPATH_SEARCH_PATHS = (
					"$(inherited)",
					"@executable_path/Frameworks",
				);
				MARKETING_VERSION = 1.0;
				PRODUCT_BUNDLE_IDENTIFIER = com.stavros.instagramclone;
				PRODUCT_NAME = "Instagram Clone";
				SWIFT_EMIT_LOC_STRINGS = YES;
				SWIFT_VERSION = 5.0;
				TARGETED_DEVICE_FAMILY = 1;
			};
			name = Release;
		};
/* End XCBuildConfiguration section */

/* Begin XCConfigurationList section */
		33F8A47E276907A300E49F00 /* Build configuration list for PBXProject "instagram Clone" */ = {
			isa = XCConfigurationList;
			buildConfigurations = (
				33F8A48F276907A400E49F00 /* Debug */,
				33F8A490276907A400E49F00 /* Release */,
			);
			defaultConfigurationIsVisible = 0;
			defaultConfigurationName = Release;
		};
		33F8A491276907A400E49F00 /* Build configuration list for PBXNativeTarget "instagram Clone" */ = {
			isa = XCConfigurationList;
			buildConfigurations = (
				33F8A492276907A400E49F00 /* Debug */,
				33F8A493276907A400E49F00 /* Release */,
			);
			defaultConfigurationIsVisible = 0;
			defaultConfigurationName = Release;
		};
/* End XCConfigurationList section */
	};
	rootObject = 33F8A47B276907A300E49F00 /* Project object */;
}
